// !$*UTF8*$!
{
	archiveVersion = 1;
	classes = {
	};
	objectVersion = 46;
	objects = {

/* Begin PBXBuildFile section */
		CEF426221B16DF2D00ACD995 /* AppDelegate.swift in Sources */ = {isa = PBXBuildFile; fileRef = CEF426211B16DF2D00ACD995 /* AppDelegate.swift */; };
		CEF426241B16DF2D00ACD995 /* ViewController.swift in Sources */ = {isa = PBXBuildFile; fileRef = CEF426231B16DF2D00ACD995 /* ViewController.swift */; };
		CEF426271B16DF2D00ACD995 /* Main.storyboard in Resources */ = {isa = PBXBuildFile; fileRef = CEF426251B16DF2D00ACD995 /* Main.storyboard */; };
		CEF426291B16DF2D00ACD995 /* Images.xcassets in Resources */ = {isa = PBXBuildFile; fileRef = CEF426281B16DF2D00ACD995 /* Images.xcassets */; };
		CEF4262C1B16DF2D00ACD995 /* LaunchScreen.xib in Resources */ = {isa = PBXBuildFile; fileRef = CEF4262A1B16DF2D00ACD995 /* LaunchScreen.xib */; };
		CEF426381B16DF2D00ACD995 /* HousingSNSTests.swift in Sources */ = {isa = PBXBuildFile; fileRef = CEF426371B16DF2D00ACD995 /* HousingSNSTests.swift */; };
		CEF426421B16ECDD00ACD995 /* FacebookSDK.framework in Frameworks */ = {isa = PBXBuildFile; fileRef = CEF426411B16ECDD00ACD995 /* FacebookSDK.framework */; };
/* End PBXBuildFile section */

/* Begin PBXContainerItemProxy section */
		CEF426321B16DF2D00ACD995 /* PBXContainerItemProxy */ = {
			isa = PBXContainerItemProxy;
			containerPortal = CEF426141B16DF2D00ACD995 /* Project object */;
			proxyType = 1;
			remoteGlobalIDString = CEF4261B1B16DF2D00ACD995;
			remoteInfo = HousingSNS;
		};
/* End PBXContainerItemProxy section */

/* Begin PBXFileReference section */
		CEF4261C1B16DF2D00ACD995 /* HousingSNS.app */ = {isa = PBXFileReference; explicitFileType = wrapper.application; includeInIndex = 0; path = HousingSNS.app; sourceTree = BUILT_PRODUCTS_DIR; };
		CEF426201B16DF2D00ACD995 /* Info.plist */ = {isa = PBXFileReference; lastKnownFileType = text.plist.xml; path = Info.plist; sourceTree = "<group>"; };
		CEF426211B16DF2D00ACD995 /* AppDelegate.swift */ = {isa = PBXFileReference; lastKnownFileType = sourcecode.swift; path = AppDelegate.swift; sourceTree = "<group>"; };
		CEF426231B16DF2D00ACD995 /* ViewController.swift */ = {isa = PBXFileReference; lastKnownFileType = sourcecode.swift; path = ViewController.swift; sourceTree = "<group>"; };
		CEF426261B16DF2D00ACD995 /* Base */ = {isa = PBXFileReference; lastKnownFileType = file.storyboard; name = Base; path = Base.lproj/Main.storyboard; sourceTree = "<group>"; };
		CEF426281B16DF2D00ACD995 /* Images.xcassets */ = {isa = PBXFileReference; lastKnownFileType = folder.assetcatalog; path = Images.xcassets; sourceTree = "<group>"; };
		CEF4262B1B16DF2D00ACD995 /* Base */ = {isa = PBXFileReference; lastKnownFileType = file.xib; name = Base; path = Base.lproj/LaunchScreen.xib; sourceTree = "<group>"; };
		CEF426311B16DF2D00ACD995 /* HousingSNSTests.xctest */ = {isa = PBXFileReference; explicitFileType = wrapper.cfbundle; includeInIndex = 0; path = HousingSNSTests.xctest; sourceTree = BUILT_PRODUCTS_DIR; };
		CEF426361B16DF2D00ACD995 /* Info.plist */ = {isa = PBXFileReference; lastKnownFileType = text.plist.xml; path = Info.plist; sourceTree = "<group>"; };
		CEF426371B16DF2D00ACD995 /* HousingSNSTests.swift */ = {isa = PBXFileReference; lastKnownFileType = sourcecode.swift; path = HousingSNSTests.swift; sourceTree = "<group>"; };
		CEF426411B16ECDD00ACD995 /* FacebookSDK.framework */ = {isa = PBXFileReference; lastKnownFileType = wrapper.framework; path = FacebookSDK.framework; sourceTree = "<group>"; };
		CEF426431B16ECFA00ACD995 /* Bridge-Header.h */ = {isa = PBXFileReference; fileEncoding = 4; lastKnownFileType = sourcecode.c.h; path = "Bridge-Header.h"; sourceTree = "<group>"; };
/* End PBXFileReference section */

/* Begin PBXFrameworksBuildPhase section */
		CEF426191B16DF2D00ACD995 /* Frameworks */ = {
			isa = PBXFrameworksBuildPhase;
			buildActionMask = 2147483647;
			files = (
				CEF426421B16ECDD00ACD995 /* FacebookSDK.framework in Frameworks */,
			);
			runOnlyForDeploymentPostprocessing = 0;
		};
		CEF4262E1B16DF2D00ACD995 /* Frameworks */ = {
			isa = PBXFrameworksBuildPhase;
			buildActionMask = 2147483647;
			files = (
			);
			runOnlyForDeploymentPostprocessing = 0;
		};
/* End PBXFrameworksBuildPhase section */

/* Begin PBXGroup section */
		CEF426131B16DF2D00ACD995 = {
			isa = PBXGroup;
			children = (
				CEF426411B16ECDD00ACD995 /* FacebookSDK.framework */,
				CEF4261E1B16DF2D00ACD995 /* HousingSNS */,
				CEF426341B16DF2D00ACD995 /* HousingSNSTests */,
				CEF4261D1B16DF2D00ACD995 /* Products */,
			);
			sourceTree = "<group>";
		};
		CEF4261D1B16DF2D00ACD995 /* Products */ = {
			isa = PBXGroup;
			children = (
				CEF4261C1B16DF2D00ACD995 /* HousingSNS.app */,
				CEF426311B16DF2D00ACD995 /* HousingSNSTests.xctest */,
			);
			name = Products;
			sourceTree = "<group>";
		};
		CEF4261E1B16DF2D00ACD995 /* HousingSNS */ = {
			isa = PBXGroup;
			children = (
				CEF426211B16DF2D00ACD995 /* AppDelegate.swift */,
				CEF426231B16DF2D00ACD995 /* ViewController.swift */,
				CEF426251B16DF2D00ACD995 /* Main.storyboard */,
				CEF426281B16DF2D00ACD995 /* Images.xcassets */,
				CEF4262A1B16DF2D00ACD995 /* LaunchScreen.xib */,
				CEF4261F1B16DF2D00ACD995 /* Supporting Files */,
				CEF426431B16ECFA00ACD995 /* Bridge-Header.h */,
			);
			path = HousingSNS;
			sourceTree = "<group>";
		};
		CEF4261F1B16DF2D00ACD995 /* Supporting Files */ = {
			isa = PBXGroup;
			children = (
				CEF426201B16DF2D00ACD995 /* Info.plist */,
			);
			name = "Supporting Files";
			sourceTree = "<group>";
		};
		CEF426341B16DF2D00ACD995 /* HousingSNSTests */ = {
			isa = PBXGroup;
			children = (
				CEF426371B16DF2D00ACD995 /* HousingSNSTests.swift */,
				CEF426351B16DF2D00ACD995 /* Supporting Files */,
			);
			path = HousingSNSTests;
			sourceTree = "<group>";
		};
		CEF426351B16DF2D00ACD995 /* Supporting Files */ = {
			isa = PBXGroup;
			children = (
				CEF426361B16DF2D00ACD995 /* Info.plist */,
			);
			name = "Supporting Files";
			sourceTree = "<group>";
		};
/* End PBXGroup section */

/* Begin PBXNativeTarget section */
		CEF4261B1B16DF2D00ACD995 /* HousingSNS */ = {
			isa = PBXNativeTarget;
			buildConfigurationList = CEF4263B1B16DF2D00ACD995 /* Build configuration list for PBXNativeTarget "HousingSNS" */;
			buildPhases = (
				CEF426181B16DF2D00ACD995 /* Sources */,
				CEF426191B16DF2D00ACD995 /* Frameworks */,
				CEF4261A1B16DF2D00ACD995 /* Resources */,
			);
			buildRules = (
			);
			dependencies = (
			);
			name = HousingSNS;
			productName = HousingSNS;
			productReference = CEF4261C1B16DF2D00ACD995 /* HousingSNS.app */;
			productType = "com.apple.product-type.application";
		};
		CEF426301B16DF2D00ACD995 /* HousingSNSTests */ = {
			isa = PBXNativeTarget;
			buildConfigurationList = CEF4263E1B16DF2D00ACD995 /* Build configuration list for PBXNativeTarget "HousingSNSTests" */;
			buildPhases = (
				CEF4262D1B16DF2D00ACD995 /* Sources */,
				CEF4262E1B16DF2D00ACD995 /* Frameworks */,
				CEF4262F1B16DF2D00ACD995 /* Resources */,
			);
			buildRules = (
			);
			dependencies = (
				CEF426331B16DF2D00ACD995 /* PBXTargetDependency */,
			);
			name = HousingSNSTests;
			productName = HousingSNSTests;
			productReference = CEF426311B16DF2D00ACD995 /* HousingSNSTests.xctest */;
			productType = "com.apple.product-type.bundle.unit-test";
		};
/* End PBXNativeTarget section */

/* Begin PBXProject section */
		CEF426141B16DF2D00ACD995 /* Project object */ = {
			isa = PBXProject;
			attributes = {
				LastUpgradeCheck = 0620;
				ORGANIZATIONNAME = cloudsource;
				TargetAttributes = {
					CEF4261B1B16DF2D00ACD995 = {
						CreatedOnToolsVersion = 6.2;
					};
					CEF426301B16DF2D00ACD995 = {
						CreatedOnToolsVersion = 6.2;
						TestTargetID = CEF4261B1B16DF2D00ACD995;
					};
				};
			};
			buildConfigurationList = CEF426171B16DF2D00ACD995 /* Build configuration list for PBXProject "HousingSNS" */;
			compatibilityVersion = "Xcode 3.2";
			developmentRegion = English;
			hasScannedForEncodings = 0;
			knownRegions = (
				en,
				Base,
			);
			mainGroup = CEF426131B16DF2D00ACD995;
			productRefGroup = CEF4261D1B16DF2D00ACD995 /* Products */;
			projectDirPath = "";
			projectRoot = "";
			targets = (
				CEF4261B1B16DF2D00ACD995 /* HousingSNS */,
				CEF426301B16DF2D00ACD995 /* HousingSNSTests */,
			);
		};
/* End PBXProject section */

/* Begin PBXResourcesBuildPhase section */
		CEF4261A1B16DF2D00ACD995 /* Resources */ = {
			isa = PBXResourcesBuildPhase;
			buildActionMask = 2147483647;
			files = (
				CEF426271B16DF2D00ACD995 /* Main.storyboard in Resources */,
				CEF4262C1B16DF2D00ACD995 /* LaunchScreen.xib in Resources */,
				CEF426291B16DF2D00ACD995 /* Images.xcassets in Resources */,
			);
			runOnlyForDeploymentPostprocessing = 0;
		};
		CEF4262F1B16DF2D00ACD995 /* Resources */ = {
			isa = PBXResourcesBuildPhase;
			buildActionMask = 2147483647;
			files = (
			);
			runOnlyForDeploymentPostprocessing = 0;
		};
/* End PBXResourcesBuildPhase section */

/* Begin PBXSourcesBuildPhase section */
		CEF426181B16DF2D00ACD995 /* Sources */ = {
			isa = PBXSourcesBuildPhase;
			buildActionMask = 2147483647;
			files = (
				CEF426241B16DF2D00ACD995 /* ViewController.swift in Sources */,
				CEF426221B16DF2D00ACD995 /* AppDelegate.swift in Sources */,
			);
			runOnlyForDeploymentPostprocessing = 0;
		};
		CEF4262D1B16DF2D00ACD995 /* Sources */ = {
			isa = PBXSourcesBuildPhase;
			buildActionMask = 2147483647;
			files = (
				CEF426381B16DF2D00ACD995 /* HousingSNSTests.swift in Sources */,
			);
			runOnlyForDeploymentPostprocessing = 0;
		};
/* End PBXSourcesBuildPhase section */

/* Begin PBXTargetDependency section */
		CEF426331B16DF2D00ACD995 /* PBXTargetDependency */ = {
			isa = PBXTargetDependency;
			target = CEF4261B1B16DF2D00ACD995 /* HousingSNS */;
			targetProxy = CEF426321B16DF2D00ACD995 /* PBXContainerItemProxy */;
		};
/* End PBXTargetDependency section */

/* Begin PBXVariantGroup section */
		CEF426251B16DF2D00ACD995 /* Main.storyboard */ = {
			isa = PBXVariantGroup;
			children = (
				CEF426261B16DF2D00ACD995 /* Base */,
			);
			name = Main.storyboard;
			sourceTree = "<group>";
		};
		CEF4262A1B16DF2D00ACD995 /* LaunchScreen.xib */ = {
			isa = PBXVariantGroup;
			children = (
				CEF4262B1B16DF2D00ACD995 /* Base */,
			);
			name = LaunchScreen.xib;
			sourceTree = "<group>";
		};
/* End PBXVariantGroup section */

/* Begin XCBuildConfiguration section */
		CEF426391B16DF2D00ACD995 /* Debug */ = {
			isa = XCBuildConfiguration;
			buildSettings = {
				ALWAYS_SEARCH_USER_PATHS = NO;
				CLANG_CXX_LANGUAGE_STANDARD = "gnu++0x";
				CLANG_CXX_LIBRARY = "libc++";
				CLANG_ENABLE_MODULES = YES;
				CLANG_ENABLE_OBJC_ARC = YES;
				CLANG_WARN_BOOL_CONVERSION = YES;
				CLANG_WARN_CONSTANT_CONVERSION = YES;
				CLANG_WARN_DIRECT_OBJC_ISA_USAGE = YES_ERROR;
				CLANG_WARN_EMPTY_BODY = YES;
				CLANG_WARN_ENUM_CONVERSION = YES;
				CLANG_WARN_INT_CONVERSION = YES;
				CLANG_WARN_OBJC_ROOT_CLASS = YES_ERROR;
				CLANG_WARN_UNREACHABLE_CODE = YES;
				CLANG_WARN__DUPLICATE_METHOD_MATCH = YES;
				"CODE_SIGN_IDENTITY[sdk=iphoneos*]" = "iPhone Developer";
				COPY_PHASE_STRIP = NO;
				ENABLE_STRICT_OBJC_MSGSEND = YES;
				GCC_C_LANGUAGE_STANDARD = gnu99;
				GCC_DYNAMIC_NO_PIC = NO;
				GCC_OPTIMIZATION_LEVEL = 0;
				GCC_PREPROCESSOR_DEFINITIONS = (
					"DEBUG=1",
					"$(inherited)",
				);
				GCC_SYMBOLS_PRIVATE_EXTERN = NO;
				GCC_WARN_64_TO_32_BIT_CONVERSION = YES;
				GCC_WARN_ABOUT_RETURN_TYPE = YES_ERROR;
				GCC_WARN_UNDECLARED_SELECTOR = YES;
				GCC_WARN_UNINITIALIZED_AUTOS = YES_AGGRESSIVE;
				GCC_WARN_UNUSED_FUNCTION = YES;
				GCC_WARN_UNUSED_VARIABLE = YES;
				IPHONEOS_DEPLOYMENT_TARGET = 8.2;
				MTL_ENABLE_DEBUG_INFO = YES;
				ONLY_ACTIVE_ARCH = YES;
				SDKROOT = iphoneos;
				SWIFT_OPTIMIZATION_LEVEL = "-Onone";
				TARGETED_DEVICE_FAMILY = "1,2";
			};
			name = Debug;
		};
		CEF4263A1B16DF2D00ACD995 /* Release */ = {
			isa = XCBuildConfiguration;
			buildSettings = {
				ALWAYS_SEARCH_USER_PATHS = NO;
				CLANG_CXX_LANGUAGE_STANDARD = "gnu++0x";
				CLANG_CXX_LIBRARY = "libc++";
				CLANG_ENABLE_MODULES = YES;
				CLANG_ENABLE_OBJC_ARC = YES;
				CLANG_WARN_BOOL_CONVERSION = YES;
				CLANG_WARN_CONSTANT_CONVERSION = YES;
				CLANG_WARN_DIRECT_OBJC_ISA_USAGE = YES_ERROR;
				CLANG_WARN_EMPTY_BODY = YES;
				CLANG_WARN_ENUM_CONVERSION = YES;
				CLANG_WARN_INT_CONVERSION = YES;
				CLANG_WARN_OBJC_ROOT_CLASS = YES_ERROR;
				CLANG_WARN_UNREACHABLE_CODE = YES;
				CLANG_WARN__DUPLICATE_METHOD_MATCH = YES;
				"CODE_SIGN_IDENTITY[sdk=iphoneos*]" = "iPhone Developer";
				COPY_PHASE_STRIP = NO;
				ENABLE_NS_ASSERTIONS = NO;
				ENABLE_STRICT_OBJC_MSGSEND = YES;
				GCC_C_LANGUAGE_STANDARD = gnu99;
				GCC_WARN_64_TO_32_BIT_CONVERSION = YES;
				GCC_WARN_ABOUT_RETURN_TYPE = YES_ERROR;
				GCC_WARN_UNDECLARED_SELECTOR = YES;
				GCC_WARN_UNINITIALIZED_AUTOS = YES_AGGRESSIVE;
				GCC_WARN_UNUSED_FUNCTION = YES;
				GCC_WARN_UNUSED_VARIABLE = YES;
				IPHONEOS_DEPLOYMENT_TARGET = 8.2;
				MTL_ENABLE_DEBUG_INFO = NO;
				SDKROOT = iphoneos;
				TARGETED_DEVICE_FAMILY = "1,2";
				VALIDATE_PRODUCT = YES;
			};
			name = Release;
		};
		CEF4263C1B16DF2D00ACD995 /* Debug */ = {
			isa = XCBuildConfiguration;
			buildSettings = {
				ASSETCATALOG_COMPILER_APPICON_NAME = AppIcon;
				FRAMEWORK_SEARCH_PATHS = (
					"$(inherited)",
					"$(PROJECT_DIR)",
					/Users/pj/Documents/FacebookSDK,
				);
				INFOPLIST_FILE = HousingSNS/Info.plist;
				LD_RUNPATH_SEARCH_PATHS = "$(inherited) @executable_path/Frameworks";
				PRODUCT_NAME = "$(TARGET_NAME)";
				SWIFT_OBJC_BRIDGING_HEADER = "HousingSNS/Bridge-Header.h";
			};
			name = Debug;
		};
		CEF4263D1B16DF2D00ACD995 /* Release */ = {
			isa = XCBuildConfiguration;
			buildSettings = {
				ASSETCATALOG_COMPILER_APPICON_NAME = AppIcon;
				FRAMEWORK_SEARCH_PATHS = (
					"$(inherited)",
					"$(PROJECT_DIR)",
					/Users/pj/Documents/FacebookSDK,
				);
				INFOPLIST_FILE = HousingSNS/Info.plist;
				LD_RUNPATH_SEARCH_PATHS = "$(inherited) @executable_path/Frameworks";
				PRODUCT_NAME = "$(TARGET_NAME)";
				SWIFT_OBJC_BRIDGING_HEADER = "HousingSNS/Bridge-Header.h";
			};
			name = Release;
		};
		CEF4263F1B16DF2D00ACD995 /* Debug */ = {
			isa = XCBuildConfiguration;
			buildSettings = {
				BUNDLE_LOADER = "$(TEST_HOST)";
				FRAMEWORK_SEARCH_PATHS = (
					"$(SDKROOT)/Developer/Library/Frameworks",
					"$(inherited)",
				);
				GCC_PREPROCESSOR_DEFINITIONS = (
					"DEBUG=1",
					"$(inherited)",
				);
				INFOPLIST_FILE = HousingSNSTests/Info.plist;
				LD_RUNPATH_SEARCH_PATHS = "$(inherited) @executable_path/Frameworks @loader_path/Frameworks";
				PRODUCT_NAME = "$(TARGET_NAME)";
				TEST_HOST = "$(BUILT_PRODUCTS_DIR)/HousingSNS.app/HousingSNS";
			};
			name = Debug;
		};
		CEF426401B16DF2D00ACD995 /* Release */ = {
			isa = XCBuildConfiguration;
			buildSettings = {
				BUNDLE_LOADER = "$(TEST_HOST)";
				FRAMEWORK_SEARCH_PATHS = (
					"$(SDKROOT)/Developer/Library/Frameworks",
					"$(inherited)",
				);
				INFOPLIST_FILE = HousingSNSTests/Info.plist;
				LD_RUNPATH_SEARCH_PATHS = "$(inherited) @executable_path/Frameworks @loader_path/Frameworks";
				PRODUCT_NAME = "$(TARGET_NAME)";
				TEST_HOST = "$(BUILT_PRODUCTS_DIR)/HousingSNS.app/HousingSNS";
			};
			name = Release;
		};
/* End XCBuildConfiguration section */

/* Begin XCConfigurationList section */
		CEF426171B16DF2D00ACD995 /* Build configuration list for PBXProject "HousingSNS" */ = {
			isa = XCConfigurationList;
			buildConfigurations = (
				CEF426391B16DF2D00ACD995 /* Debug */,
				CEF4263A1B16DF2D00ACD995 /* Release */,
			);
			defaultConfigurationIsVisible = 0;
			defaultConfigurationName = Release;
		};
		CEF4263B1B16DF2D00ACD995 /* Build configuration list for PBXNativeTarget "HousingSNS" */ = {
			isa = XCConfigurationList;
			buildConfigurations = (
				CEF4263C1B16DF2D00ACD995 /* Debug */,
				CEF4263D1B16DF2D00ACD995 /* Release */,
			);
			defaultConfigurationIsVisible = 0;
		};
		CEF4263E1B16DF2D00ACD995 /* Build configuration list for PBXNativeTarget "HousingSNSTests" */ = {
			isa = XCConfigurationList;
			buildConfigurations = (
				CEF4263F1B16DF2D00ACD995 /* Debug */,
				CEF426401B16DF2D00ACD995 /* Release */,
			);
			defaultConfigurationIsVisible = 0;
		};
/* End XCConfigurationList section */
	};
	rootObject = CEF426141B16DF2D00ACD995 /* Project object */;
}
